# THIS IS AN AUTOGENERATED FILE. DO NOT EDIT THIS FILE DIRECTLY.
# yarn lockfile v1


"@chainsafe/is-ip@^2.0.1":
  version "2.1.0"
  resolved "https://registry.yarnpkg.com/@chainsafe/is-ip/-/is-ip-2.1.0.tgz#ba9ac32acd9027698e0b56b91c7af069d28d7931"
  integrity sha512-KIjt+6IfysQ4GCv66xihEitBjvhU/bixbbbFxdJ1sqCp4uJ0wuZiYBPhksZoy4lfaF0k9cwNzY5upEW/VWdw3w==

"@chainsafe/netmask@^2.0.0":
  version "2.0.0"
  resolved "https://registry.yarnpkg.com/@chainsafe/netmask/-/netmask-2.0.0.tgz#0d4a75f47919f65011da4327a3845c9661f1038a"
  integrity sha512-I3Z+6SWUoaljh3TBzCnCxjlUyN8tA+NAk5L6m9IxvCf1BENQTePzPMis97CoN/iMW1St3WN+AWCCRp+TTBRiDg==
  dependencies:
    "@chainsafe/is-ip" "^2.0.1"

"@leichtgewicht/ip-codec@^2.0.1":
  version "2.0.5"
  resolved "https://registry.yarnpkg.com/@leichtgewicht/ip-codec/-/ip-codec-2.0.5.tgz#4fc56c15c580b9adb7dc3c333a134e540b44bfb1"
  integrity sha512-Vo+PSpZG2/fmgmiNzYK9qWRh8h/CHrwD0mo1h1DzL4yzHNSfWYujGTYsWGreD000gcgmZ7K4Ys6Tx9TxtsKdDw==

"@multiformats/dns@^1.0.3":
  version "1.0.6"
  resolved "https://registry.yarnpkg.com/@multiformats/dns/-/dns-1.0.6.tgz#b8c7de11459a02a5f4e609d35d3cdb95cb6ad152"
  integrity sha512-nt/5UqjMPtyvkG9BQYdJ4GfLK3nMqGpFZOzf4hAmIa0sJh2LlS9YKXZ4FgwBDsaHvzZqR/rUFIywIc7pkHNNuw==
  dependencies:
    "@types/dns-packet" "^5.6.5"
    buffer "^6.0.3"
    dns-packet "^5.6.1"
    hashlru "^2.3.0"
    p-queue "^8.0.1"
    progress-events "^1.0.0"
    uint8arrays "^5.0.2"

"@multiformats/mafmt@^12.1.6":
  version "12.1.6"
  resolved "https://registry.yarnpkg.com/@multiformats/mafmt/-/mafmt-12.1.6.tgz#e7c1831c1e94c94932621826049afc89f3ad43b7"
  integrity sha512-tlJRfL21X+AKn9b5i5VnaTD6bNttpSpcqwKVmDmSHLwxoz97fAHaepqFOk/l1fIu94nImIXneNbhsJx/RQNIww==
  dependencies:
    "@multiformats/multiaddr" "^12.0.0"

"@multiformats/multiaddr@^12.0.0", "@multiformats/multiaddr@^12.1.14":
  version "12.4.0"
  resolved "https://registry.yarnpkg.com/@multiformats/multiaddr/-/multiaddr-12.4.0.tgz#13fca8d68805fe0d0569bdd7d4dce41497503d31"
  integrity sha512-FL7yBTLijJ5JkO044BGb2msf+uJLrwpD6jD6TkXlbjA9N12+18HT40jvd4o5vL4LOJMc86dPX6tGtk/uI9kYKg==
  dependencies:
    "@chainsafe/is-ip" "^2.0.1"
    "@chainsafe/netmask" "^2.0.0"
    "@multiformats/dns" "^1.0.3"
    multiformats "^13.0.0"
    uint8-varint "^2.0.1"
    uint8arrays "^5.0.0"

"@types/dns-packet@^5.6.5":
  version "5.6.5"
  resolved "https://registry.yarnpkg.com/@types/dns-packet/-/dns-packet-5.6.5.tgz#49fc29a40f5d30227ed028fa1ee82601d3745e15"
  integrity sha512-qXOC7XLOEe43ehtWJCMnQXvgcIpv6rPmQ1jXT98Ad8A3TB1Ue50jsCbSSSyuazScEuZ/Q026vHbrOTVkmwA+7Q==
  dependencies:
    "@types/node" "*"

"@types/node@*":
  version "22.13.5"
  resolved "https://registry.yarnpkg.com/@types/node/-/node-22.13.5.tgz#23add1d71acddab2c6a4d31db89c0f98d330b511"
  integrity sha512-+lTU0PxZXn0Dr1NBtC7Y8cR21AJr87dLLU953CWA6pMxxv/UDc7jYAY90upcrie1nRcD6XNG5HOYEDtgW5TxAg==
  dependencies:
    undici-types "~6.20.0"

base64-js@^1.3.1:
  version "1.5.1"
  resolved "https://registry.yarnpkg.com/base64-js/-/base64-js-1.5.1.tgz#1b1b440160a5bf7ad40b650f095963481903930a"
  integrity sha512-AKpaYlHn8t4SVbOHCy+b5+KKgvR4vrsD8vbvrbiQJps7fKDTkjkDry6ji0rUJjC0kzbNePLwzxq8iypo41qeWA==

buffer@^6.0.3:
  version "6.0.3"
  resolved "https://registry.yarnpkg.com/buffer/-/buffer-6.0.3.tgz#2ace578459cc8fbe2a70aaa8f52ee63b6a74c6c6"
  integrity sha512-FTiCpNxtwiZZHEZbcbTIcZjERVICn9yq/pDFkTl95/AxzD1naBctN7YO68riM/gLSDY7sdrMby8hofADYuuqOA==
  dependencies:
    base64-js "^1.3.1"
    ieee754 "^1.2.1"

data-uri-to-buffer@^4.0.0:
  version "4.0.1"
  resolved "https://registry.yarnpkg.com/data-uri-to-buffer/-/data-uri-to-buffer-4.0.1.tgz#d8feb2b2881e6a4f58c2e08acfd0e2834e26222e"
  integrity sha512-0R9ikRb668HB7QDxT1vkpuUBtqc53YyAwMwGeUFKRojY/NWKvdZ+9UYtRfGmhqNbRkTSVpMbmyhXipFFv2cb/A==

dns-packet@^5.6.1:
  version "5.6.1"
  resolved "https://registry.yarnpkg.com/dns-packet/-/dns-packet-5.6.1.tgz#ae888ad425a9d1478a0674256ab866de1012cf2f"
  integrity sha512-l4gcSouhcgIKRvyy99RNVOgxXiicE+2jZoNmaNmZ6JXiGajBOJAesk1OBlJuM5k2c+eudGdLxDqXuPCKIj6kpw==
  dependencies:
    "@leichtgewicht/ip-codec" "^2.0.1"

dotenv@^16.4.7:
  version "16.4.7"
  resolved "https://registry.yarnpkg.com/dotenv/-/dotenv-16.4.7.tgz#0e20c5b82950140aa99be360a8a5f52335f53c26"
  integrity sha512-47qPchRCykZC03FhkYAhrvwU4xDBFIj1QPqaarj6mdM/hgUzfPHcpkHJOn3mJAufFeeAxAzeGsr5X0M4k6fLZQ==

eventemitter3@^5.0.1:
  version "5.0.1"
  resolved "https://registry.yarnpkg.com/eventemitter3/-/eventemitter3-5.0.1.tgz#53f5ffd0a492ac800721bb42c66b841de96423c4"
  integrity sha512-GWkBvjiSZK87ELrYOSESUYeVIc9mvLLf/nXalMOS5dYrgZq9o5OVkbZAVM06CVxYsCwH9BDZFPlQTlPA1j4ahA==

fetch-blob@^3.1.2, fetch-blob@^3.1.4:
  version "3.2.0"
  resolved "https://registry.yarnpkg.com/fetch-blob/-/fetch-blob-3.2.0.tgz#f09b8d4bbd45adc6f0c20b7e787e793e309dcce9"
  integrity sha512-7yAQpD2UMJzLi1Dqv7qFYnPbaPx7ZfFK6PiIxQ4PfkGPyNyl2Ugx+a/umUonmKqjhM4DnfbMvdX6otXq83soQQ==
  dependencies:
    node-domexception "^1.0.0"
    web-streams-polyfill "^3.0.3"

formdata-polyfill@^4.0.10:
  version "4.0.10"
  resolved "https://registry.yarnpkg.com/formdata-polyfill/-/formdata-polyfill-4.0.10.tgz#24807c31c9d402e002ab3d8c720144ceb8848423"
  integrity sha512-buewHzMvYL29jdeQTVILecSaZKnt/RJWjoZCF5OW60Z67/GmSLBkOFM7qh1PI3zFNtJbaZL5eQu1vLfazOwj4g==
  dependencies:
    fetch-blob "^3.1.2"

hashlru@^2.3.0:
  version "2.3.0"
  resolved "https://registry.yarnpkg.com/hashlru/-/hashlru-2.3.0.tgz#5dc15928b3f6961a2056416bb3a4910216fdfb51"
  integrity sha512-0cMsjjIC8I+D3M44pOQdsy0OHXGLVz6Z0beRuufhKa0KfaD2wGwAev6jILzXsd3/vpnNQJmWyZtIILqM1N+n5A==

ieee754@^1.2.1:
  version "1.2.1"
  resolved "https://registry.yarnpkg.com/ieee754/-/ieee754-1.2.1.tgz#8eb7a10a63fff25d15a57b001586d177d1b0d352"
  integrity sha512-dcyqhDvX1C46lXZcVqCpK+FtMRQVdIMN6/Df5js2zouUsqG7I6sFxitIC+7KYK29KdXOLHdu9zL4sFnoVQnqaA==

is-ipfs@^8.0.4:
  version "8.0.4"
  resolved "https://registry.yarnpkg.com/is-ipfs/-/is-ipfs-8.0.4.tgz#686e7c20ec54a25a055519b435e2546fbd8e2a5f"
  integrity sha512-upkO6a8WgBSZMMmuPzmF2NQLWXtiJtHxdEfEiMWrOzCKoZ+XEiM0XlK4fFMfo/PyiRmPMJ4PsNrXyvJeqMrJXA==
  dependencies:
    "@multiformats/mafmt" "^12.1.6"
    "@multiformats/multiaddr" "^12.1.14"
    iso-url "^1.1.3"
    multiformats "^13.0.1"
    uint8arrays "^5.0.1"

iso-url@^1.1.3:
  version "1.2.1"
  resolved "https://registry.yarnpkg.com/iso-url/-/iso-url-1.2.1.tgz#db96a49d8d9a64a1c889fc07cc525d093afb1811"
  integrity sha512-9JPDgCN4B7QPkLtYAAOrEuAWvP9rWvR5offAr0/SeF046wIkglqH3VXgYYP6NcsKslH80UIVgmPqNe3j7tG2ng==

multiformats@^13.0.0, multiformats@^13.0.1:
  version "13.3.2"
  resolved "https://registry.yarnpkg.com/multiformats/-/multiformats-13.3.2.tgz#a77c2a09c490e90c73b3049551604e6e1a4854e0"
  integrity sha512-qbB0CQDt3QKfiAzZ5ZYjLFOs+zW43vA4uyM8g27PeEuXZybUOFyjrVdP93HPBHMoglibwfkdVwbzfUq8qGcH6g==

node-domexception@^1.0.0:
  version "1.0.0"
  resolved "https://registry.yarnpkg.com/node-domexception/-/node-domexception-1.0.0.tgz#6888db46a1f71c0b76b3f7555016b63fe64766e5"
  integrity sha512-/jKZoMpw0F8GRwl4/eLROPA3cfcXtLApP0QzLmUT/HuPCZWyB7IY9ZrMeKw2O/nFIqPQB3PVM9aYm0F312AXDQ==

node-fetch@^3.3.1:
  version "3.3.2"
  resolved "https://registry.yarnpkg.com/node-fetch/-/node-fetch-3.3.2.tgz#d1e889bacdf733b4ff3b2b243eb7a12866a0b78b"
  integrity sha512-dRB78srN/l6gqWulah9SrxeYnxeddIG30+GOqK/9OlLVyLg3HPnr6SqOWTWOXKRwC2eGYCkZ59NNuSgvSrpgOA==
  dependencies:
    data-uri-to-buffer "^4.0.0"
    fetch-blob "^3.1.4"
    formdata-polyfill "^4.0.10"

p-queue@^8.0.1:
  version "8.1.0"
  resolved "https://registry.yarnpkg.com/p-queue/-/p-queue-8.1.0.tgz#d71929249868b10b16f885d8a82beeaf35d32279"
  integrity sha512-mxLDbbGIBEXTJL0zEx8JIylaj3xQ7Z/7eEVjcF9fJX4DBiH9oqe+oahYnlKKxm0Ci9TlWTyhSHgygxMxjIB2jw==
  dependencies:
    eventemitter3 "^5.0.1"
    p-timeout "^6.1.2"

p-timeout@^6.1.2:
  version "6.1.4"
  resolved "https://registry.yarnpkg.com/p-timeout/-/p-timeout-6.1.4.tgz#418e1f4dd833fa96a2e3f532547dd2abdb08dbc2"
  integrity sha512-MyIV3ZA/PmyBN/ud8vV9XzwTrNtR4jFrObymZYnZqMmW0zA8Z17vnT0rBgFE/TlohB+YCHqXMgZzb3Csp49vqg==

pinata@^1.10.1:
  version "1.10.1"
  resolved "https://registry.yarnpkg.com/pinata/-/pinata-1.10.1.tgz#bcdd6418321875c1106def1312a5737eed8448f0"
  integrity sha512-/nB9C7zCEnC5YW+deO5FGX5RizSN23JXvbUdDLfzgwtKj4m5JC8ScuLkQ+iirfvpPQGQFQ/X5mR3aC/npTjFDA==
  dependencies:
    is-ipfs "^8.0.4"
    node-fetch "^3.3.1"

progress-events@^1.0.0:
  version "1.0.1"
  resolved "https://registry.yarnpkg.com/progress-events/-/progress-events-1.0.1.tgz#693b6d4153f08c1418ae3cd5fcad8596c91db7e8"
  integrity sha512-MOzLIwhpt64KIVN64h1MwdKWiyKFNc/S6BoYKPIVUHFg0/eIEyBulhWCgn678v/4c0ri3FdGuzXymNCv02MUIw==

uint8-varint@^2.0.1:
  version "2.0.4"
  resolved "https://registry.yarnpkg.com/uint8-varint/-/uint8-varint-2.0.4.tgz#85be52b3849eb30f2c3640a2df8a14364180affb"
  integrity sha512-FwpTa7ZGA/f/EssWAb5/YV6pHgVF1fViKdW8cWaEarjB8t7NyofSWBdOTyFPaGuUG4gx3v1O3PQ8etsiOs3lcw==
  dependencies:
    uint8arraylist "^2.0.0"
    uint8arrays "^5.0.0"

uint8arraylist@^2.0.0:
  version "2.4.8"
  resolved "https://registry.yarnpkg.com/uint8arraylist/-/uint8arraylist-2.4.8.tgz#5a4d17f4defd77799cb38e93fd5db0f0dceddc12"
  integrity sha512-vc1PlGOzglLF0eae1M8mLRTBivsvrGsdmJ5RbK3e+QRvRLOZfZhQROTwH/OfyF3+ZVUg9/8hE8bmKP2CvP9quQ==
  dependencies:
    uint8arrays "^5.0.1"

uint8arrays@^5.0.0, uint8arrays@^5.0.1, uint8arrays@^5.0.2:
  version "5.1.0"
  resolved "https://registry.yarnpkg.com/uint8arrays/-/uint8arrays-5.1.0.tgz#14047c9bdf825d025b7391299436e5e50e7270f1"
  integrity sha512-vA6nFepEmlSKkMBnLBaUMVvAC4G3CTmO58C12y4sq6WPDOR7mOFYOi7GlrQ4djeSbP6JG9Pv9tJDM97PedRSww==
  dependencies:
    multiformats "^13.0.0"

undici-types@~6.20.0:
  version "6.20.0"
  resolved "https://registry.yarnpkg.com/undici-types/-/undici-types-6.20.0.tgz#8171bf22c1f588d1554d55bf204bc624af388433"
  integrity sha512-Ny6QZ2Nju20vw1SRHe3d9jVu6gJ+4e3+MMpqu7pqE5HT6WsTSlce++GQmK5UXS8mzV8DSYHrQH+Xrf2jVcuKNg==

web-streams-polyfill@^3.0.3:
  version "3.3.3"
  resolved "https://registry.yarnpkg.com/web-streams-polyfill/-/web-streams-polyfill-3.3.3.tgz#2073b91a2fdb1fbfbd401e7de0ac9f8214cecb4b"
  integrity sha512-d2JWLCivmZYTSIoge9MsgFCZrt571BikcWGYkjC1khllbTeDlGqZ2D8vD8E/lJa8WGWbb7Plm8/XJYV7IJHZZw==
